// !$*UTF8*$!
{
	archiveVersion = 1;
	classes = {
	};
	objectVersion = 48;
	objects = {

/* Begin PBXBuildFile section */
		3438C75420487E9800A53C91 /* AppDelegate.swift in Sources */ = {isa = PBXBuildFile; fileRef = 3438C75320487E9800A53C91 /* AppDelegate.swift */; };
		3438C75620487E9800A53C91 /* ViewController.swift in Sources */ = {isa = PBXBuildFile; fileRef = 3438C75520487E9800A53C91 /* ViewController.swift */; };
		3438C75920487E9800A53C91 /* Main.storyboard in Resources */ = {isa = PBXBuildFile; fileRef = 3438C75720487E9800A53C91 /* Main.storyboard */; };
		3438C75B20487E9800A53C91 /* Assets.xcassets in Resources */ = {isa = PBXBuildFile; fileRef = 3438C75A20487E9800A53C91 /* Assets.xcassets */; };
		3438C75E20487E9800A53C91 /* LaunchScreen.storyboard in Resources */ = {isa = PBXBuildFile; fileRef = 3438C75C20487E9800A53C91 /* LaunchScreen.storyboard */; };
		3438C76620487FBF00A53C91 /* SudokuView.swift in Sources */ = {isa = PBXBuildFile; fileRef = 3438C76520487FBE00A53C91 /* SudokuView.swift */; };
		3438C76820487FFC00A53C91 /* simple.plist in Resources */ = {isa = PBXBuildFile; fileRef = 3438C76720487FFC00A53C91 /* simple.plist */; };
		3438C76A2048800A00A53C91 /* hard.plist in Resources */ = {isa = PBXBuildFile; fileRef = 3438C7692048800900A53C91 /* hard.plist */; };
		3440A0B020572A9A0044B80D /* SudokuBoard.swift in Sources */ = {isa = PBXBuildFile; fileRef = 3440A0AF20572A9A0044B80D /* SudokuBoard.swift */; };
		34C9046220617DB500BEC3F5 /* MainViewController.swift in Sources */ = {isa = PBXBuildFile; fileRef = 34C9046120617DB500BEC3F5 /* MainViewController.swift */; };
/* End PBXBuildFile section */

/* Begin PBXFileReference section */
		3438C75020487E9800A53C91 /* Sudoku.app */ = {isa = PBXFileReference; explicitFileType = wrapper.application; includeInIndex = 0; path = Sudoku.app; sourceTree = BUILT_PRODUCTS_DIR; };
		3438C75320487E9800A53C91 /* AppDelegate.swift */ = {isa = PBXFileReference; lastKnownFileType = sourcecode.swift; path = AppDelegate.swift; sourceTree = "<group>"; };
		3438C75520487E9800A53C91 /* ViewController.swift */ = {isa = PBXFileReference; lastKnownFileType = sourcecode.swift; path = ViewController.swift; sourceTree = "<group>"; };
		3438C75820487E9800A53C91 /* Base */ = {isa = PBXFileReference; lastKnownFileType = file.storyboard; name = Base; path = Base.lproj/Main.storyboard; sourceTree = "<group>"; };
		3438C75A20487E9800A53C91 /* Assets.xcassets */ = {isa = PBXFileReference; lastKnownFileType = folder.assetcatalog; path = Assets.xcassets; sourceTree = "<group>"; };
		3438C75D20487E9800A53C91 /* Base */ = {isa = PBXFileReference; lastKnownFileType = file.storyboard; name = Base; path = Base.lproj/LaunchScreen.storyboard; sourceTree = "<group>"; };
		3438C75F20487E9800A53C91 /* Info.plist */ = {isa = PBXFileReference; lastKnownFileType = text.plist.xml; path = Info.plist; sourceTree = "<group>"; };
		3438C76520487FBE00A53C91 /* SudokuView.swift */ = {isa = PBXFileReference; fileEncoding = 4; lastKnownFileType = sourcecode.swift; path = SudokuView.swift; sourceTree = "<group>"; };
		3438C76720487FFC00A53C91 /* simple.plist */ = {isa = PBXFileReference; fileEncoding = 4; lastKnownFileType = text.plist.xml; path = simple.plist; sourceTree = "<group>"; };
		3438C7692048800900A53C91 /* hard.plist */ = {isa = PBXFileReference; fileEncoding = 4; lastKnownFileType = text.plist.xml; path = hard.plist; sourceTree = "<group>"; };
		3440A0AF20572A9A0044B80D /* SudokuBoard.swift */ = {isa = PBXFileReference; lastKnownFileType = sourcecode.swift; path = SudokuBoard.swift; sourceTree = "<group>"; };
		34C9046120617DB500BEC3F5 /* MainViewController.swift */ = {isa = PBXFileReference; lastKnownFileType = sourcecode.swift; path = MainViewController.swift; sourceTree = "<group>"; };
/* End PBXFileReference section */

/* Begin PBXFrameworksBuildPhase section */
		3438C74D20487E9800A53C91 /* Frameworks */ = {
			isa = PBXFrameworksBuildPhase;
			buildActionMask = 2147483647;
			files = (
			);
			runOnlyForDeploymentPostprocessing = 0;
		};
/* End PBXFrameworksBuildPhase section */

/* Begin PBXGroup section */
		3438C74720487E9800A53C91 = {
			isa = PBXGroup;
			children = (
				3438C75220487E9800A53C91 /* Sudoku */,
				3438C75120487E9800A53C91 /* Products */,
			);
			sourceTree = "<group>";
		};
		3438C75120487E9800A53C91 /* Products */ = {
			isa = PBXGroup;
			children = (
				3438C75020487E9800A53C91 /* Sudoku.app */,
			);
			name = Products;
			sourceTree = "<group>";
		};
		3438C75220487E9800A53C91 /* Sudoku */ = {
			isa = PBXGroup;
			children = (
				3438C75320487E9800A53C91 /* AppDelegate.swift */,
				3440A0AF20572A9A0044B80D /* SudokuBoard.swift */,
				3438C75520487E9800A53C91 /* ViewController.swift */,
				3438C75720487E9800A53C91 /* Main.storyboard */,
				34C9046120617DB500BEC3F5 /* MainViewController.swift */,
				3438C75A20487E9800A53C91 /* Assets.xcassets */,
				3438C75C20487E9800A53C91 /* LaunchScreen.storyboard */,
				3438C75F20487E9800A53C91 /* Info.plist */,
				3438C7692048800900A53C91 /* hard.plist */,
				3438C76720487FFC00A53C91 /* simple.plist */,
				3438C76520487FBE00A53C91 /* SudokuView.swift */,
			);
			path = Sudoku;
			sourceTree = "<group>";
		};
/* End PBXGroup section */

/* Begin PBXNativeTarget section */
		3438C74F20487E9800A53C91 /* Sudoku */ = {
			isa = PBXNativeTarget;
			buildConfigurationList = 3438C76220487E9800A53C91 /* Build configuration list for PBXNativeTarget "Sudoku" */;
			buildPhases = (
				3438C74C20487E9800A53C91 /* Sources */,
				3438C74D20487E9800A53C91 /* Frameworks */,
				3438C74E20487E9800A53C91 /* Resources */,
			);
			buildRules = (
			);
			dependencies = (
			);
			name = Sudoku;
			productName = Sudoku;
			productReference = 3438C75020487E9800A53C91 /* Sudoku.app */;
			productType = "com.apple.product-type.application";
		};
/* End PBXNativeTarget section */

/* Begin PBXProject section */
		3438C74820487E9800A53C91 /* Project object */ = {
			isa = PBXProject;
			attributes = {
				LastSwiftUpdateCheck = 0920;
				LastUpgradeCheck = 0920;
				ORGANIZATIONNAME = Lindberg;
				TargetAttributes = {
					3438C74F20487E9800A53C91 = {
						CreatedOnToolsVersion = 9.2;
						ProvisioningStyle = Automatic;
					};
				};
			};
			buildConfigurationList = 3438C74B20487E9800A53C91 /* Build configuration list for PBXProject "Sudoku" */;
			compatibilityVersion = "Xcode 8.0";
			developmentRegion = en;
			hasScannedForEncodings = 0;
			knownRegions = (
				en,
				Base,
			);
			mainGroup = 3438C74720487E9800A53C91;
			productRefGroup = 3438C75120487E9800A53C91 /* Products */;
			projectDirPath = "";
			projectRoot = "";
			targets = (
				3438C74F20487E9800A53C91 /* Sudoku */,
			);
		};
/* End PBXProject section */

/* Begin PBXResourcesBuildPhase section */
		3438C74E20487E9800A53C91 /* Resources */ = {
			isa = PBXResourcesBuildPhase;
			buildActionMask = 2147483647;
			files = (
				3438C76820487FFC00A53C91 /* simple.plist in Resources */,
				3438C75E20487E9800A53C91 /* LaunchScreen.storyboard in Resources */,
				3438C76A2048800A00A53C91 /* hard.plist in Resources */,
				3438C75B20487E9800A53C91 /* Assets.xcassets in Resources */,
				3438C75920487E9800A53C91 /* Main.storyboard in Resources */,
			);
			runOnlyForDeploymentPostprocessing = 0;
		};
/* End PBXResourcesBuildPhase section */

/* Begin PBXSourcesBuildPhase section */
		3438C74C20487E9800A53C91 /* Sources */ = {
			isa = PBXSourcesBuildPhase;
			buildActionMask = 2147483647;
			files = (
				3438C76620487FBF00A53C91 /* SudokuView.swift in Sources */,
				3438C75620487E9800A53C91 /* ViewController.swift in Sources */,
				3438C75420487E9800A53C91 /* AppDelegate.swift in Sources */,
				3440A0B020572A9A0044B80D /* SudokuBoard.swift in Sources */,
				34C9046220617DB500BEC3F5 /* MainViewController.swift in Sources */,
			);
			runOnlyForDeploymentPostprocessing = 0;
		};
/* End PBXSourcesBuildPhase section */

/* Begin PBXVariantGroup section */
		3438C75720487E9800A53C91 /* Main.storyboard */ = {
			isa = PBXVariantGroup;
			children = (
				3438C75820487E9800A53C91 /* Base */,
			);
			name = Main.storyboard;
			sourceTree = "<group>";
		};
		3438C75C20487E9800A53C91 /* LaunchScreen.storyboard */ = {
			isa = PBXVariantGroup;
			children = (
				3438C75D20487E9800A53C91 /* Base */,
			);
			name = LaunchScreen.storyboard;
			sourceTree = "<group>";
		};
/* End PBXVariantGroup section */

/* Begin XCBuildConfiguration section */
		3438C76020487E9800A53C91 /* Debug */ = {
			isa = XCBuildConfiguration;
			buildSettings = {
				ALWAYS_SEARCH_USER_PATHS = NO;
				CLANG_ANALYZER_NONNULL = YES;
				CLANG_ANALYZER_NUMBER_OBJECT_CONVERSION = YES_AGGRESSIVE;
				CLANG_CXX_LANGUAGE_STANDARD = "gnu++14";
				CLANG_CXX_LIBRARY = "libc++";
				CLANG_ENABLE_MODULES = YES;
				CLANG_ENABLE_OBJC_ARC = YES;
				CLANG_WARN_BLOCK_CAPTURE_AUTORELEASING = YES;
				CLANG_WARN_BOOL_CONVERSION = YES;
				CLANG_WARN_COMMA = YES;
				CLANG_WARN_CONSTANT_CONVERSION = YES;
				CLANG_WARN_DIRECT_OBJC_ISA_USAGE = YES_ERROR;
				CLANG_WARN_DOCUMENTATION_COMMENTS = YES;
				CLANG_WARN_EMPTY_BODY = YES;
				CLANG_WARN_ENUM_CONVERSION = YES;
				CLANG_WARN_INFINITE_RECURSION = YES;
				CLANG_WARN_INT_CONVERSION = YES;
				CLANG_WARN_NON_LITERAL_NULL_CONVERSION = YES;
				CLANG_WARN_OBJC_LITERAL_CONVERSION = YES;
				CLANG_WARN_OBJC_ROOT_CLASS = YES_ERROR;
				CLANG_WARN_RANGE_LOOP_ANALYSIS = YES;
				CLANG_WARN_STRICT_PROTOTYPES = YES;
				CLANG_WARN_SUSPICIOUS_MOVE = YES;
				CLANG_WARN_UNGUARDED_AVAILABILITY = YES_AGGRESSIVE;
				CLANG_WARN_UNREACHABLE_CODE = YES;
				CLANG_WARN__DUPLICATE_METHOD_MATCH = YES;
				CODE_SIGN_IDENTITY = "iPhone Developer";
				COPY_PHASE_STRIP = NO;
				DEBUG_INFORMATION_FORMAT = dwarf;
				ENABLE_STRICT_OBJC_MSGSEND = YES;
				ENABLE_TESTABILITY = YES;
				GCC_C_LANGUAGE_STANDARD = gnu11;
				GCC_DYNAMIC_NO_PIC = NO;
				GCC_NO_COMMON_BLOCKS = YES;
				GCC_OPTIMIZATION_LEVEL = 0;
				GCC_PREPROCESSOR_DEFINITIONS = (
					"DEBUG=1",
					"$(inherited)",
				);
				GCC_WARN_64_TO_32_BIT_CONVERSION = YES;
				GCC_WARN_ABOUT_RETURN_TYPE = YES_ERROR;
				GCC_WARN_UNDECLARED_SELECTOR = YES;
				GCC_WARN_UNINITIALIZED_AUTOS = YES_AGGRESSIVE;
				GCC_WARN_UNUSED_FUNCTION = YES;
				GCC_WARN_UNUSED_VARIABLE = YES;
				IPHONEOS_DEPLOYMENT_TARGET = 11.2;
				MTL_ENABLE_DEBUG_INFO = YES;
				ONLY_ACTIVE_ARCH = YES;
				SDKROOT = iphoneos;
				SWIFT_ACTIVE_COMPILATION_CONDITIONS = DEBUG;
				SWIFT_OPTIMIZATION_LEVEL = "-Onone";
			};
			name = Debug;
		};
		3438C76120487E9800A53C91 /* Release */ = {
			isa = XCBuildConfiguration;
			buildSettings = {
				ALWAYS_SEARCH_USER_PATHS = NO;
				CLANG_ANALYZER_NONNULL = YES;
				CLANG_ANALYZER_NUMBER_OBJECT_CONVERSION = YES_AGGRESSIVE;
				CLANG_CXX_LANGUAGE_STANDARD = "gnu++14";
				CLANG_CXX_LIBRARY = "libc++";
				CLANG_ENABLE_MODULES = YES;
				CLANG_ENABLE_OBJC_ARC = YES;
				CLANG_WARN_BLOCK_CAPTURE_AUTORELEASING = YES;
				CLANG_WARN_BOOL_CONVERSION = YES;
				CLANG_WARN_COMMA = YES;
				CLANG_WARN_CONSTANT_CONVERSION = YES;
				CLANG_WARN_DIRECT_OBJC_ISA_USAGE = YES_ERROR;
				CLANG_WARN_DOCUMENTATION_COMMENTS = YES;
				CLANG_WARN_EMPTY_BODY = YES;
				CLANG_WARN_ENUM_CONVERSION = YES;
				CLANG_WARN_INFINITE_RECURSION = YES;
				CLANG_WARN_INT_CONVERSION = YES;
				CLANG_WARN_NON_LITERAL_NULL_CONVERSION = YES;
				CLANG_WARN_OBJC_LITERAL_CONVERSION = YES;
				CLANG_WARN_OBJC_ROOT_CLASS = YES_ERROR;
				CLANG_WARN_RANGE_LOOP_ANALYSIS = YES;
				CLANG_WARN_STRICT_PROTOTYPES = YES;
				CLANG_WARN_SUSPICIOUS_MOVE = YES;
				CLANG_WARN_UNGUARDED_AVAILABILITY = YES_AGGRESSIVE;
				CLANG_WARN_UNREACHABLE_CODE = YES;
				CLANG_WARN__DUPLICATE_METHOD_MATCH = YES;
				CODE_SIGN_IDENTITY = "iPhone Developer";
				COPY_PHASE_STRIP = NO;
				DEBUG_INFORMATION_FORMAT = "dwarf-with-dsym";
				ENABLE_NS_ASSERTIONS = NO;
				ENABLE_STRICT_OBJC_MSGSEND = YES;
				GCC_C_LANGUAGE_STANDARD = gnu11;
				GCC_NO_COMMON_BLOCKS = YES;
				GCC_WARN_64_TO_32_BIT_CONVERSION = YES;
				GCC_WARN_ABOUT_RETURN_TYPE = YES_ERROR;
				GCC_WARN_UNDECLARED_SELECTOR = YES;
				GCC_WARN_UNINITIALIZED_AUTOS = YES_AGGRESSIVE;
				GCC_WARN_UNUSED_FUNCTION = YES;
				GCC_WARN_UNUSED_VARIABLE = YES;
				IPHONEOS_DEPLOYMENT_TARGET = 11.2;
				MTL_ENABLE_DEBUG_INFO = NO;
				SDKROOT = iphoneos;
				SWIFT_OPTIMIZATION_LEVEL = "-Owholemodule";
				VALIDATE_PRODUCT = YES;
			};
			name = Release;
		};
		3438C76320487E9800A53C91 /* Debug */ = {
			isa = XCBuildConfiguration;
			buildSettings = {
				ASSETCATALOG_COMPILER_APPICON_NAME = AppIcon;
				CODE_SIGN_STYLE = Automatic;
				DEVELOPMENT_TEAM = 7BP6R5JKT8;
				INFOPLIST_FILE = Sudoku/Info.plist;
				LD_RUNPATH_SEARCH_PATHS = "$(inherited) @executable_path/Frameworks";
				PRODUCT_BUNDLE_IDENTIFIER = wsuv;
				PRODUCT_NAME = "$(TARGET_NAME)";
				SWIFT_VERSION = 4.0;
				TARGETED_DEVICE_FAMILY = "1,2";
			};
			name = Debug;
		};
		3438C76420487E9800A53C91 /* Release */ = {
			isa = XCBuildConfiguration;
			buildSettings = {
				ASSETCATALOG_COMPILER_APPICON_NAME = AppIcon;
				CODE_SIGN_STYLE = Automatic;
				DEVELOPMENT_TEAM = 7BP6R5JKT8;
				INFOPLIST_FILE = Sudoku/Info.plist;
				LD_RUNPATH_SEARCH_PATHS = "$(inherited) @executable_path/Frameworks";
				PRODUCT_BUNDLE_IDENTIFIER = wsuv;
				PRODUCT_NAME = "$(TARGET_NAME)";
				SWIFT_VERSION = 4.0;
				TARGETED_DEVICE_FAMILY = "1,2";
			};
			name = Release;
		};
/* End XCBuildConfiguration section */

/* Begin XCConfigurationList section */
		3438C74B20487E9800A53C91 /* Build configuration list for PBXProject "Sudoku" */ = {
			isa = XCConfigurationList;
			buildConfigurations = (
				3438C76020487E9800A53C91 /* Debug */,
				3438C76120487E9800A53C91 /* Release */,
			);
			defaultConfigurationIsVisible = 0;
			defaultConfigurationName = Release;
		};
		3438C76220487E9800A53C91 /* Build configuration list for PBXNativeTarget "Sudoku" */ = {
			isa = XCConfigurationList;
			buildConfigurations = (
				3438C76320487E9800A53C91 /* Debug */,
				3438C76420487E9800A53C91 /* Release */,
			);
			defaultConfigurationIsVisible = 0;
			defaultConfigurationName = Release;
		};
/* End XCConfigurationList section */
	};
	rootObject = 3438C74820487E9800A53C91 /* Project object */;
}
